
Microsoft Visual Studio Solution File, Format Version 12.00
# Visual Studio Version 16
VisualStudioVersion = 16.0.31613.86
MinimumVisualStudioVersion = 10.0.40219.1
Project("{FAE04EC0-301F-11D3-BF4B-00C04F79EFBC}") = "ConversorDeTemperaturas", "ConversorDeTemperaturas\ConversorDeTemperaturas.csproj", "{942D9DB2-E080-432D-BB7B-77FEB48CC664}"
EndProject
Global
	GlobalSection(SolutionConfigurationPlatforms) = preSolution
		Debug|Any CPU = Debug|Any CPU
		Release|Any CPU = Release|Any CPU
	EndGlobalSection
	GlobalSection(ProjectConfigurationPlatforms) = postSolution
		{942D9DB2-E080-432D-BB7B-77FEB48CC664}.Debug|Any CPU.ActiveCfg = Debug|Any CPU
		{942D9DB2-E080-432D-BB7B-77FEB48CC664}.Debug|Any CPU.Build.0 = Debug|Any CPU
		{942D9DB2-E080-432D-BB7B-77FEB48CC664}.Release|Any CPU.ActiveCfg = Release|Any CPU
		{942D9DB2-E080-432D-BB7B-77FEB48CC664}.Release|Any CPU.Build.0 = Release|Any CPU
	EndGlobalSection
	GlobalSection(SolutionProperties) = preSolution
		HideSolutionNode = FALSE
	EndGlobalSection
	GlobalSection(ExtensibilityGlobals) = postSolution
		SolutionGuid = {2A3D6A5A-392B-4FF9-B971-49CB6D3D7DE4}
	EndGlobalSection
EndGlobal
